// !$*UTF8*$!
{
	archiveVersion = 1;
	classes = {
	};
	objectVersion = 56;
	objects = {

/* Begin PBXBuildFile section */
		22AE9D6407D031221FF47CCD /* Pods_EggTimer_EggTimerUITests.framework in Frameworks */ = {isa = PBXBuildFile; fileRef = 76A75375FC56DD09EE43639C /* Pods_EggTimer_EggTimerUITests.framework */; };
		A5744323298003F700F03B8E /* AppDelegate.swift in Sources */ = {isa = PBXBuildFile; fileRef = A5744322298003F700F03B8E /* AppDelegate.swift */; };
		A5744325298003F700F03B8E /* SceneDelegate.swift in Sources */ = {isa = PBXBuildFile; fileRef = A5744324298003F700F03B8E /* SceneDelegate.swift */; };
		A5744327298003F700F03B8E /* ViewController.swift in Sources */ = {isa = PBXBuildFile; fileRef = A5744326298003F700F03B8E /* ViewController.swift */; };
		A574432A298003F700F03B8E /* Main.storyboard in Resources */ = {isa = PBXBuildFile; fileRef = A5744328298003F700F03B8E /* Main.storyboard */; };
		A574432C298003F900F03B8E /* Assets.xcassets in Resources */ = {isa = PBXBuildFile; fileRef = A574432B298003F900F03B8E /* Assets.xcassets */; };
		A574432F298003F900F03B8E /* LaunchScreen.storyboard in Resources */ = {isa = PBXBuildFile; fileRef = A574432D298003F900F03B8E /* LaunchScreen.storyboard */; };
		A574433A298003F900F03B8E /* EggTimerTests.swift in Sources */ = {isa = PBXBuildFile; fileRef = A5744339298003F900F03B8E /* EggTimerTests.swift */; };
		A5744344298003F900F03B8E /* EggTimerUITests.swift in Sources */ = {isa = PBXBuildFile; fileRef = A5744343298003F900F03B8E /* EggTimerUITests.swift */; };
		A5744346298003F900F03B8E /* EggTimerUITestsLaunchTests.swift in Sources */ = {isa = PBXBuildFile; fileRef = A5744345298003F900F03B8E /* EggTimerUITestsLaunchTests.swift */; };
		A57443542980358400F03B8E /* LabelProperty.swift in Sources */ = {isa = PBXBuildFile; fileRef = A57443532980358400F03B8E /* LabelProperty.swift */; };
		A574435629803DE400F03B8E /* ButtonProperty.swift in Sources */ = {isa = PBXBuildFile; fileRef = A574435529803DE400F03B8E /* ButtonProperty.swift */; };
		A57443582980455F00F03B8E /* ImageViewProperty.swift in Sources */ = {isa = PBXBuildFile; fileRef = A57443572980455F00F03B8E /* ImageViewProperty.swift */; };
		A574435A29811AEB00F03B8E /* alarm_sound.mp3 in Resources */ = {isa = PBXBuildFile; fileRef = A574435929811AEB00F03B8E /* alarm_sound.mp3 */; };
		B63AB2F9BBA816F39DB16022 /* Pods_EggTimer.framework in Frameworks */ = {isa = PBXBuildFile; fileRef = 96BBBC0AB0255CD31A6CB24A /* Pods_EggTimer.framework */; };
		F0F46816A85A8AEA65B5ED10 /* Pods_EggTimerTests.framework in Frameworks */ = {isa = PBXBuildFile; fileRef = 9C9BA3DE94CCBF288E12B3F2 /* Pods_EggTimerTests.framework */; };
/* End PBXBuildFile section */

/* Begin PBXContainerItemProxy section */
		A5744336298003F900F03B8E /* PBXContainerItemProxy */ = {
			isa = PBXContainerItemProxy;
			containerPortal = A5744317298003F700F03B8E /* Project object */;
			proxyType = 1;
			remoteGlobalIDString = A574431E298003F700F03B8E;
			remoteInfo = EggTimer;
		};
		A5744340298003F900F03B8E /* PBXContainerItemProxy */ = {
			isa = PBXContainerItemProxy;
			containerPortal = A5744317298003F700F03B8E /* Project object */;
			proxyType = 1;
			remoteGlobalIDString = A574431E298003F700F03B8E;
			remoteInfo = EggTimer;
		};
/* End PBXContainerItemProxy section */

/* Begin PBXFileReference section */
		0AB7E49B8F320143C96045C4 /* Pods-EggTimer-EggTimerUITests.release.xcconfig */ = {isa = PBXFileReference; includeInIndex = 1; lastKnownFileType = text.xcconfig; name = "Pods-EggTimer-EggTimerUITests.release.xcconfig"; path = "Target Support Files/Pods-EggTimer-EggTimerUITests/Pods-EggTimer-EggTimerUITests.release.xcconfig"; sourceTree = "<group>"; };
		29DF7D2FF5E28D9CE4A34E2D /* Pods-EggTimer-EggTimerUITests.debug.xcconfig */ = {isa = PBXFileReference; includeInIndex = 1; lastKnownFileType = text.xcconfig; name = "Pods-EggTimer-EggTimerUITests.debug.xcconfig"; path = "Target Support Files/Pods-EggTimer-EggTimerUITests/Pods-EggTimer-EggTimerUITests.debug.xcconfig"; sourceTree = "<group>"; };
		4ABB0F06EE43B4412FD9BB15 /* Pods-EggTimerTests.debug.xcconfig */ = {isa = PBXFileReference; includeInIndex = 1; lastKnownFileType = text.xcconfig; name = "Pods-EggTimerTests.debug.xcconfig"; path = "Target Support Files/Pods-EggTimerTests/Pods-EggTimerTests.debug.xcconfig"; sourceTree = "<group>"; };
		76A75375FC56DD09EE43639C /* Pods_EggTimer_EggTimerUITests.framework */ = {isa = PBXFileReference; explicitFileType = wrapper.framework; includeInIndex = 0; path = Pods_EggTimer_EggTimerUITests.framework; sourceTree = BUILT_PRODUCTS_DIR; };
		8E5B10EC87C1D6B522083953 /* Pods-EggTimerTests.release.xcconfig */ = {isa = PBXFileReference; includeInIndex = 1; lastKnownFileType = text.xcconfig; name = "Pods-EggTimerTests.release.xcconfig"; path = "Target Support Files/Pods-EggTimerTests/Pods-EggTimerTests.release.xcconfig"; sourceTree = "<group>"; };
		96BBBC0AB0255CD31A6CB24A /* Pods_EggTimer.framework */ = {isa = PBXFileReference; explicitFileType = wrapper.framework; includeInIndex = 0; path = Pods_EggTimer.framework; sourceTree = BUILT_PRODUCTS_DIR; };
		9C9BA3DE94CCBF288E12B3F2 /* Pods_EggTimerTests.framework */ = {isa = PBXFileReference; explicitFileType = wrapper.framework; includeInIndex = 0; path = Pods_EggTimerTests.framework; sourceTree = BUILT_PRODUCTS_DIR; };
		A574431F298003F700F03B8E /* EggTimer.app */ = {isa = PBXFileReference; explicitFileType = wrapper.application; includeInIndex = 0; path = EggTimer.app; sourceTree = BUILT_PRODUCTS_DIR; };
		A5744322298003F700F03B8E /* AppDelegate.swift */ = {isa = PBXFileReference; lastKnownFileType = sourcecode.swift; path = AppDelegate.swift; sourceTree = "<group>"; };
		A5744324298003F700F03B8E /* SceneDelegate.swift */ = {isa = PBXFileReference; lastKnownFileType = sourcecode.swift; path = SceneDelegate.swift; sourceTree = "<group>"; };
		A5744326298003F700F03B8E /* ViewController.swift */ = {isa = PBXFileReference; lastKnownFileType = sourcecode.swift; path = ViewController.swift; sourceTree = "<group>"; };
		A5744329298003F700F03B8E /* Base */ = {isa = PBXFileReference; lastKnownFileType = file.storyboard; name = Base; path = Base.lproj/Main.storyboard; sourceTree = "<group>"; };
		A574432B298003F900F03B8E /* Assets.xcassets */ = {isa = PBXFileReference; lastKnownFileType = folder.assetcatalog; path = Assets.xcassets; sourceTree = "<group>"; };
		A574432E298003F900F03B8E /* Base */ = {isa = PBXFileReference; lastKnownFileType = file.storyboard; name = Base; path = Base.lproj/LaunchScreen.storyboard; sourceTree = "<group>"; };
		A5744330298003F900F03B8E /* Info.plist */ = {isa = PBXFileReference; lastKnownFileType = text.plist.xml; path = Info.plist; sourceTree = "<group>"; };
		A5744335298003F900F03B8E /* EggTimerTests.xctest */ = {isa = PBXFileReference; explicitFileType = wrapper.cfbundle; includeInIndex = 0; path = EggTimerTests.xctest; sourceTree = BUILT_PRODUCTS_DIR; };
		A5744339298003F900F03B8E /* EggTimerTests.swift */ = {isa = PBXFileReference; lastKnownFileType = sourcecode.swift; path = EggTimerTests.swift; sourceTree = "<group>"; };
		A574433F298003F900F03B8E /* EggTimerUITests.xctest */ = {isa = PBXFileReference; explicitFileType = wrapper.cfbundle; includeInIndex = 0; path = EggTimerUITests.xctest; sourceTree = BUILT_PRODUCTS_DIR; };
		A5744343298003F900F03B8E /* EggTimerUITests.swift */ = {isa = PBXFileReference; lastKnownFileType = sourcecode.swift; path = EggTimerUITests.swift; sourceTree = "<group>"; };
		A5744345298003F900F03B8E /* EggTimerUITestsLaunchTests.swift */ = {isa = PBXFileReference; lastKnownFileType = sourcecode.swift; path = EggTimerUITestsLaunchTests.swift; sourceTree = "<group>"; };
		A57443532980358400F03B8E /* LabelProperty.swift */ = {isa = PBXFileReference; lastKnownFileType = sourcecode.swift; path = LabelProperty.swift; sourceTree = "<group>"; };
		A574435529803DE400F03B8E /* ButtonProperty.swift */ = {isa = PBXFileReference; lastKnownFileType = sourcecode.swift; path = ButtonProperty.swift; sourceTree = "<group>"; };
		A57443572980455F00F03B8E /* ImageViewProperty.swift */ = {isa = PBXFileReference; lastKnownFileType = sourcecode.swift; path = ImageViewProperty.swift; sourceTree = "<group>"; };
		A574435929811AEB00F03B8E /* alarm_sound.mp3 */ = {isa = PBXFileReference; lastKnownFileType = audio.mp3; path = alarm_sound.mp3; sourceTree = "<group>"; };
		D07BF4402FF6FD15EF8E611B /* Pods-EggTimer.release.xcconfig */ = {isa = PBXFileReference; includeInIndex = 1; lastKnownFileType = text.xcconfig; name = "Pods-EggTimer.release.xcconfig"; path = "Target Support Files/Pods-EggTimer/Pods-EggTimer.release.xcconfig"; sourceTree = "<group>"; };
		E4745A4EB8FD8A1F120171DB /* Pods-EggTimer.debug.xcconfig */ = {isa = PBXFileReference; includeInIndex = 1; lastKnownFileType = text.xcconfig; name = "Pods-EggTimer.debug.xcconfig"; path = "Target Support Files/Pods-EggTimer/Pods-EggTimer.debug.xcconfig"; sourceTree = "<group>"; };
/* End PBXFileReference section */

/* Begin PBXFrameworksBuildPhase section */
		A574431C298003F700F03B8E /* Frameworks */ = {
			isa = PBXFrameworksBuildPhase;
			buildActionMask = 2147483647;
			files = (
				B63AB2F9BBA816F39DB16022 /* Pods_EggTimer.framework in Frameworks */,
			);
			runOnlyForDeploymentPostprocessing = 0;
		};
		A5744332298003F900F03B8E /* Frameworks */ = {
			isa = PBXFrameworksBuildPhase;
			buildActionMask = 2147483647;
			files = (
				F0F46816A85A8AEA65B5ED10 /* Pods_EggTimerTests.framework in Frameworks */,
			);
			runOnlyForDeploymentPostprocessing = 0;
		};
		A574433C298003F900F03B8E /* Frameworks */ = {
			isa = PBXFrameworksBuildPhase;
			buildActionMask = 2147483647;
			files = (
				22AE9D6407D031221FF47CCD /* Pods_EggTimer_EggTimerUITests.framework in Frameworks */,
			);
			runOnlyForDeploymentPostprocessing = 0;
		};
/* End PBXFrameworksBuildPhase section */

/* Begin PBXGroup section */
		4639226D71023633AD52EDDB /* Pods */ = {
			isa = PBXGroup;
			children = (
				E4745A4EB8FD8A1F120171DB /* Pods-EggTimer.debug.xcconfig */,
				D07BF4402FF6FD15EF8E611B /* Pods-EggTimer.release.xcconfig */,
				29DF7D2FF5E28D9CE4A34E2D /* Pods-EggTimer-EggTimerUITests.debug.xcconfig */,
				0AB7E49B8F320143C96045C4 /* Pods-EggTimer-EggTimerUITests.release.xcconfig */,
				4ABB0F06EE43B4412FD9BB15 /* Pods-EggTimerTests.debug.xcconfig */,
				8E5B10EC87C1D6B522083953 /* Pods-EggTimerTests.release.xcconfig */,
			);
			path = Pods;
			sourceTree = "<group>";
		};
		A5744316298003F700F03B8E = {
			isa = PBXGroup;
			children = (
				A5744321298003F700F03B8E /* EggTimer */,
				A5744338298003F900F03B8E /* EggTimerTests */,
				A5744342298003F900F03B8E /* EggTimerUITests */,
				A5744320298003F700F03B8E /* Products */,
				4639226D71023633AD52EDDB /* Pods */,
				D633838C0BE564DA2D5C5DCF /* Frameworks */,
			);
			sourceTree = "<group>";
		};
		A5744320298003F700F03B8E /* Products */ = {
			isa = PBXGroup;
			children = (
				A574431F298003F700F03B8E /* EggTimer.app */,
				A5744335298003F900F03B8E /* EggTimerTests.xctest */,
				A574433F298003F900F03B8E /* EggTimerUITests.xctest */,
			);
			name = Products;
			sourceTree = "<group>";
		};
		A5744321298003F700F03B8E /* EggTimer */ = {
			isa = PBXGroup;
			children = (
				A574435929811AEB00F03B8E /* alarm_sound.mp3 */,
				A57443522980354F00F03B8E /* Service */,
				A5744322298003F700F03B8E /* AppDelegate.swift */,
				A5744324298003F700F03B8E /* SceneDelegate.swift */,
				A5744326298003F700F03B8E /* ViewController.swift */,
				A5744328298003F700F03B8E /* Main.storyboard */,
				A574432B298003F900F03B8E /* Assets.xcassets */,
				A574432D298003F900F03B8E /* LaunchScreen.storyboard */,
				A5744330298003F900F03B8E /* Info.plist */,
			);
			path = EggTimer;
			sourceTree = "<group>";
		};
		A5744338298003F900F03B8E /* EggTimerTests */ = {
			isa = PBXGroup;
			children = (
				A5744339298003F900F03B8E /* EggTimerTests.swift */,
			);
			path = EggTimerTests;
			sourceTree = "<group>";
		};
		A5744342298003F900F03B8E /* EggTimerUITests */ = {
			isa = PBXGroup;
			children = (
				A5744343298003F900F03B8E /* EggTimerUITests.swift */,
				A5744345298003F900F03B8E /* EggTimerUITestsLaunchTests.swift */,
			);
			path = EggTimerUITests;
			sourceTree = "<group>";
		};
		A57443522980354F00F03B8E /* Service */ = {
			isa = PBXGroup;
			children = (
				A57443532980358400F03B8E /* LabelProperty.swift */,
				A57443572980455F00F03B8E /* ImageViewProperty.swift */,
				A574435529803DE400F03B8E /* ButtonProperty.swift */,
			);
			path = Service;
			sourceTree = "<group>";
		};
		D633838C0BE564DA2D5C5DCF /* Frameworks */ = {
			isa = PBXGroup;
			children = (
				96BBBC0AB0255CD31A6CB24A /* Pods_EggTimer.framework */,
				76A75375FC56DD09EE43639C /* Pods_EggTimer_EggTimerUITests.framework */,
				9C9BA3DE94CCBF288E12B3F2 /* Pods_EggTimerTests.framework */,
			);
			name = Frameworks;
			sourceTree = "<group>";
		};
/* End PBXGroup section */

/* Begin PBXNativeTarget section */
		A574431E298003F700F03B8E /* EggTimer */ = {
			isa = PBXNativeTarget;
			buildConfigurationList = A5744349298003F900F03B8E /* Build configuration list for PBXNativeTarget "EggTimer" */;
			buildPhases = (
				5A2B335D7DE1B792605873F9 /* [CP] Check Pods Manifest.lock */,
				A574431B298003F700F03B8E /* Sources */,
				A574431C298003F700F03B8E /* Frameworks */,
				A574431D298003F700F03B8E /* Resources */,
				908128546713FF3ED6CEE995 /* [CP] Embed Pods Frameworks */,
			);
			buildRules = (
			);
			dependencies = (
			);
			name = EggTimer;
			productName = EggTimer;
			productReference = A574431F298003F700F03B8E /* EggTimer.app */;
			productType = "com.apple.product-type.application";
		};
		A5744334298003F900F03B8E /* EggTimerTests */ = {
			isa = PBXNativeTarget;
			buildConfigurationList = A574434C298003F900F03B8E /* Build configuration list for PBXNativeTarget "EggTimerTests" */;
			buildPhases = (
				3CA0F5BFB60A321F302BA87F /* [CP] Check Pods Manifest.lock */,
				A5744331298003F900F03B8E /* Sources */,
				A5744332298003F900F03B8E /* Frameworks */,
				A5744333298003F900F03B8E /* Resources */,
				F281A36024C8D2D7E6F18A63 /* [CP] Embed Pods Frameworks */,
			);
			buildRules = (
			);
			dependencies = (
				A5744337298003F900F03B8E /* PBXTargetDependency */,
			);
			name = EggTimerTests;
			productName = EggTimerTests;
			productReference = A5744335298003F900F03B8E /* EggTimerTests.xctest */;
			productType = "com.apple.product-type.bundle.unit-test";
		};
		A574433E298003F900F03B8E /* EggTimerUITests */ = {
			isa = PBXNativeTarget;
			buildConfigurationList = A574434F298003F900F03B8E /* Build configuration list for PBXNativeTarget "EggTimerUITests" */;
			buildPhases = (
				5C31C6717C842A06EE6F8A39 /* [CP] Check Pods Manifest.lock */,
				A574433B298003F900F03B8E /* Sources */,
				A574433C298003F900F03B8E /* Frameworks */,
				A574433D298003F900F03B8E /* Resources */,
				2DCBB8AA2BE887D4625697E1 /* [CP] Embed Pods Frameworks */,
			);
			buildRules = (
			);
			dependencies = (
				A5744341298003F900F03B8E /* PBXTargetDependency */,
			);
			name = EggTimerUITests;
			productName = EggTimerUITests;
			productReference = A574433F298003F900F03B8E /* EggTimerUITests.xctest */;
			productType = "com.apple.product-type.bundle.ui-testing";
		};
/* End PBXNativeTarget section */

/* Begin PBXProject section */
		A5744317298003F700F03B8E /* Project object */ = {
			isa = PBXProject;
			attributes = {
				BuildIndependentTargetsInParallel = 1;
				LastSwiftUpdateCheck = 1420;
				LastUpgradeCheck = 1420;
				TargetAttributes = {
					A574431E298003F700F03B8E = {
						CreatedOnToolsVersion = 14.2;
					};
					A5744334298003F900F03B8E = {
						CreatedOnToolsVersion = 14.2;
						TestTargetID = A574431E298003F700F03B8E;
					};
					A574433E298003F900F03B8E = {
						CreatedOnToolsVersion = 14.2;
						TestTargetID = A574431E298003F700F03B8E;
					};
				};
			};
			buildConfigurationList = A574431A298003F700F03B8E /* Build configuration list for PBXProject "EggTimer" */;
			compatibilityVersion = "Xcode 14.0";
			developmentRegion = en;
			hasScannedForEncodings = 0;
			knownRegions = (
				en,
				Base,
			);
			mainGroup = A5744316298003F700F03B8E;
			productRefGroup = A5744320298003F700F03B8E /* Products */;
			projectDirPath = "";
			projectRoot = "";
			targets = (
				A574431E298003F700F03B8E /* EggTimer */,
				A5744334298003F900F03B8E /* EggTimerTests */,
				A574433E298003F900F03B8E /* EggTimerUITests */,
			);
		};
/* End PBXProject section */

/* Begin PBXResourcesBuildPhase section */
		A574431D298003F700F03B8E /* Resources */ = {
			isa = PBXResourcesBuildPhase;
			buildActionMask = 2147483647;
			files = (
				A574432F298003F900F03B8E /* LaunchScreen.storyboard in Resources */,
				A574432C298003F900F03B8E /* Assets.xcassets in Resources */,
				A574435A29811AEB00F03B8E /* alarm_sound.mp3 in Resources */,
				A574432A298003F700F03B8E /* Main.storyboard in Resources */,
			);
			runOnlyForDeploymentPostprocessing = 0;
		};
		A5744333298003F900F03B8E /* Resources */ = {
			isa = PBXResourcesBuildPhase;
			buildActionMask = 2147483647;
			files = (
			);
			runOnlyForDeploymentPostprocessing = 0;
		};
		A574433D298003F900F03B8E /* Resources */ = {
			isa = PBXResourcesBuildPhase;
			buildActionMask = 2147483647;
			files = (
			);
			runOnlyForDeploymentPostprocessing = 0;
		};
/* End PBXResourcesBuildPhase section */

/* Begin PBXShellScriptBuildPhase section */
		2DCBB8AA2BE887D4625697E1 /* [CP] Embed Pods Frameworks */ = {
			isa = PBXShellScriptBuildPhase;
			buildActionMask = 2147483647;
			files = (
			);
			inputFileListPaths = (
				"${PODS_ROOT}/Target Support Files/Pods-EggTimer-EggTimerUITests/Pods-EggTimer-EggTimerUITests-frameworks-${CONFIGURATION}-input-files.xcfilelist",
			);
			name = "[CP] Embed Pods Frameworks";
			outputFileListPaths = (
				"${PODS_ROOT}/Target Support Files/Pods-EggTimer-EggTimerUITests/Pods-EggTimer-EggTimerUITests-frameworks-${CONFIGURATION}-output-files.xcfilelist",
			);
			runOnlyForDeploymentPostprocessing = 0;
			shellPath = /bin/sh;
			shellScript = "\"${PODS_ROOT}/Target Support Files/Pods-EggTimer-EggTimerUITests/Pods-EggTimer-EggTimerUITests-frameworks.sh\"\n";
			showEnvVarsInLog = 0;
		};
		3CA0F5BFB60A321F302BA87F /* [CP] Check Pods Manifest.lock */ = {
			isa = PBXShellScriptBuildPhase;
			buildActionMask = 2147483647;
			files = (
			);
			inputFileListPaths = (
			);
			inputPaths = (
				"${PODS_PODFILE_DIR_PATH}/Podfile.lock",
				"${PODS_ROOT}/Manifest.lock",
			);
			name = "[CP] Check Pods Manifest.lock";
			outputFileListPaths = (
			);
			outputPaths = (
				"$(DERIVED_FILE_DIR)/Pods-EggTimerTests-checkManifestLockResult.txt",
			);
			runOnlyForDeploymentPostprocessing = 0;
			shellPath = /bin/sh;
			shellScript = "diff \"${PODS_PODFILE_DIR_PATH}/Podfile.lock\" \"${PODS_ROOT}/Manifest.lock\" > /dev/null\nif [ $? != 0 ] ; then\n    # print error to STDERR\n    echo \"error: The sandbox is not in sync with the Podfile.lock. Run 'pod install' or update your CocoaPods installation.\" >&2\n    exit 1\nfi\n# This output is used by Xcode 'outputs' to avoid re-running this script phase.\necho \"SUCCESS\" > \"${SCRIPT_OUTPUT_FILE_0}\"\n";
			showEnvVarsInLog = 0;
		};
		5A2B335D7DE1B792605873F9 /* [CP] Check Pods Manifest.lock */ = {
			isa = PBXShellScriptBuildPhase;
			buildActionMask = 2147483647;
			files = (
			);
			inputFileListPaths = (
			);
			inputPaths = (
				"${PODS_PODFILE_DIR_PATH}/Podfile.lock",
				"${PODS_ROOT}/Manifest.lock",
			);
			name = "[CP] Check Pods Manifest.lock";
			outputFileListPaths = (
			);
			outputPaths = (
				"$(DERIVED_FILE_DIR)/Pods-EggTimer-checkManifestLockResult.txt",
			);
			runOnlyForDeploymentPostprocessing = 0;
			shellPath = /bin/sh;
			shellScript = "diff \"${PODS_PODFILE_DIR_PATH}/Podfile.lock\" \"${PODS_ROOT}/Manifest.lock\" > /dev/null\nif [ $? != 0 ] ; then\n    # print error to STDERR\n    echo \"error: The sandbox is not in sync with the Podfile.lock. Run 'pod install' or update your CocoaPods installation.\" >&2\n    exit 1\nfi\n# This output is used by Xcode 'outputs' to avoid re-running this script phase.\necho \"SUCCESS\" > \"${SCRIPT_OUTPUT_FILE_0}\"\n";
			showEnvVarsInLog = 0;
		};
		5C31C6717C842A06EE6F8A39 /* [CP] Check Pods Manifest.lock */ = {
			isa = PBXShellScriptBuildPhase;
			buildActionMask = 2147483647;
			files = (
			);
			inputFileListPaths = (
			);
			inputPaths = (
				"${PODS_PODFILE_DIR_PATH}/Podfile.lock",
				"${PODS_ROOT}/Manifest.lock",
			);
			name = "[CP] Check Pods Manifest.lock";
			outputFileListPaths = (
			);
			outputPaths = (
				"$(DERIVED_FILE_DIR)/Pods-EggTimer-EggTimerUITests-checkManifestLockResult.txt",
			);
			runOnlyForDeploymentPostprocessing = 0;
			shellPath = /bin/sh;
			shellScript = "diff \"${PODS_PODFILE_DIR_PATH}/Podfile.lock\" \"${PODS_ROOT}/Manifest.lock\" > /dev/null\nif [ $? != 0 ] ; then\n    # print error to STDERR\n    echo \"error: The sandbox is not in sync with the Podfile.lock. Run 'pod install' or update your CocoaPods installation.\" >&2\n    exit 1\nfi\n# This output is used by Xcode 'outputs' to avoid re-running this script phase.\necho \"SUCCESS\" > \"${SCRIPT_OUTPUT_FILE_0}\"\n";
			showEnvVarsInLog = 0;
		};
		908128546713FF3ED6CEE995 /* [CP] Embed Pods Frameworks */ = {
			isa = PBXShellScriptBuildPhase;
			buildActionMask = 2147483647;
			files = (
			);
			inputFileListPaths = (
				"${PODS_ROOT}/Target Support Files/Pods-EggTimer/Pods-EggTimer-frameworks-${CONFIGURATION}-input-files.xcfilelist",
			);
			name = "[CP] Embed Pods Frameworks";
			outputFileListPaths = (
				"${PODS_ROOT}/Target Support Files/Pods-EggTimer/Pods-EggTimer-frameworks-${CONFIGURATION}-output-files.xcfilelist",
			);
			runOnlyForDeploymentPostprocessing = 0;
			shellPath = /bin/sh;
			shellScript = "\"${PODS_ROOT}/Target Support Files/Pods-EggTimer/Pods-EggTimer-frameworks.sh\"\n";
			showEnvVarsInLog = 0;
		};
		F281A36024C8D2D7E6F18A63 /* [CP] Embed Pods Frameworks */ = {
			isa = PBXShellScriptBuildPhase;
			buildActionMask = 2147483647;
			files = (
			);
			inputFileListPaths = (
				"${PODS_ROOT}/Target Support Files/Pods-EggTimerTests/Pods-EggTimerTests-frameworks-${CONFIGURATION}-input-files.xcfilelist",
			);
			name = "[CP] Embed Pods Frameworks";
			outputFileListPaths = (
				"${PODS_ROOT}/Target Support Files/Pods-EggTimerTests/Pods-EggTimerTests-frameworks-${CONFIGURATION}-output-files.xcfilelist",
			);
			runOnlyForDeploymentPostprocessing = 0;
			shellPath = /bin/sh;
			shellScript = "\"${PODS_ROOT}/Target Support Files/Pods-EggTimerTests/Pods-EggTimerTests-frameworks.sh\"\n";
			showEnvVarsInLog = 0;
		};
/* End PBXShellScriptBuildPhase section */

/* Begin PBXSourcesBuildPhase section */
		A574431B298003F700F03B8E /* Sources */ = {
			isa = PBXSourcesBuildPhase;
			buildActionMask = 2147483647;
			files = (
				A5744327298003F700F03B8E /* ViewController.swift in Sources */,
				A5744323298003F700F03B8E /* AppDelegate.swift in Sources */,
				A574435629803DE400F03B8E /* ButtonProperty.swift in Sources */,
				A57443582980455F00F03B8E /* ImageViewProperty.swift in Sources */,
				A5744325298003F700F03B8E /* SceneDelegate.swift in Sources */,
				A57443542980358400F03B8E /* LabelProperty.swift in Sources */,
			);
			runOnlyForDeploymentPostprocessing = 0;
		};
		A5744331298003F900F03B8E /* Sources */ = {
			isa = PBXSourcesBuildPhase;
			buildActionMask = 2147483647;
			files = (
				A574433A298003F900F03B8E /* EggTimerTests.swift in Sources */,
			);
			runOnlyForDeploymentPostprocessing = 0;
		};
		A574433B298003F900F03B8E /* Sources */ = {
			isa = PBXSourcesBuildPhase;
			buildActionMask = 2147483647;
			files = (
				A5744346298003F900F03B8E /* EggTimerUITestsLaunchTests.swift in Sources */,
				A5744344298003F900F03B8E /* EggTimerUITests.swift in Sources */,
			);
			runOnlyForDeploymentPostprocessing = 0;
		};
/* End PBXSourcesBuildPhase section */

/* Begin PBXTargetDependency section */
		A5744337298003F900F03B8E /* PBXTargetDependency */ = {
			isa = PBXTargetDependency;
			target = A574431E298003F700F03B8E /* EggTimer */;
			targetProxy = A5744336298003F900F03B8E /* PBXContainerItemProxy */;
		};
		A5744341298003F900F03B8E /* PBXTargetDependency */ = {
			isa = PBXTargetDependency;
			target = A574431E298003F700F03B8E /* EggTimer */;
			targetProxy = A5744340298003F900F03B8E /* PBXContainerItemProxy */;
		};
/* End PBXTargetDependency section */

/* Begin PBXVariantGroup section */
		A5744328298003F700F03B8E /* Main.storyboard */ = {
			isa = PBXVariantGroup;
			children = (
				A5744329298003F700F03B8E /* Base */,
			);
			name = Main.storyboard;
			sourceTree = "<group>";
		};
		A574432D298003F900F03B8E /* LaunchScreen.storyboard */ = {
			isa = PBXVariantGroup;
			children = (
				A574432E298003F900F03B8E /* Base */,
			);
			name = LaunchScreen.storyboard;
			sourceTree = "<group>";
		};
/* End PBXVariantGroup section */

/* Begin XCBuildConfiguration section */
		A5744347298003F900F03B8E /* Debug */ = {
			isa = XCBuildConfiguration;
			buildSettings = {
				ALWAYS_SEARCH_USER_PATHS = NO;
				CLANG_ANALYZER_NONNULL = YES;
				CLANG_ANALYZER_NUMBER_OBJECT_CONVERSION = YES_AGGRESSIVE;
				CLANG_CXX_LANGUAGE_STANDARD = "gnu++20";
				CLANG_ENABLE_MODULES = YES;
				CLANG_ENABLE_OBJC_ARC = YES;
				CLANG_ENABLE_OBJC_WEAK = YES;
				CLANG_WARN_BLOCK_CAPTURE_AUTORELEASING = YES;
				CLANG_WARN_BOOL_CONVERSION = YES;
				CLANG_WARN_COMMA = YES;
				CLANG_WARN_CONSTANT_CONVERSION = YES;
				CLANG_WARN_DEPRECATED_OBJC_IMPLEMENTATIONS = YES;
				CLANG_WARN_DIRECT_OBJC_ISA_USAGE = YES_ERROR;
				CLANG_WARN_DOCUMENTATION_COMMENTS = YES;
				CLANG_WARN_EMPTY_BODY = YES;
				CLANG_WARN_ENUM_CONVERSION = YES;
				CLANG_WARN_INFINITE_RECURSION = YES;
				CLANG_WARN_INT_CONVERSION = YES;
				CLANG_WARN_NON_LITERAL_NULL_CONVERSION = YES;
				CLANG_WARN_OBJC_IMPLICIT_RETAIN_SELF = YES;
				CLANG_WARN_OBJC_LITERAL_CONVERSION = YES;
				CLANG_WARN_OBJC_ROOT_CLASS = YES_ERROR;
				CLANG_WARN_QUOTED_INCLUDE_IN_FRAMEWORK_HEADER = YES;
				CLANG_WARN_RANGE_LOOP_ANALYSIS = YES;
				CLANG_WARN_STRICT_PROTOTYPES = YES;
				CLANG_WARN_SUSPICIOUS_MOVE = YES;
				CLANG_WARN_UNGUARDED_AVAILABILITY = YES_AGGRESSIVE;
				CLANG_WARN_UNREACHABLE_CODE = YES;
				CLANG_WARN__DUPLICATE_METHOD_MATCH = YES;
				COPY_PHASE_STRIP = NO;
				DEBUG_INFORMATION_FORMAT = dwarf;
				ENABLE_STRICT_OBJC_MSGSEND = YES;
				ENABLE_TESTABILITY = YES;
				GCC_C_LANGUAGE_STANDARD = gnu11;
				GCC_DYNAMIC_NO_PIC = NO;
				GCC_NO_COMMON_BLOCKS = YES;
				GCC_OPTIMIZATION_LEVEL = 0;
				GCC_PREPROCESSOR_DEFINITIONS = (
					"DEBUG=1",
					"$(inherited)",
				);
				GCC_WARN_64_TO_32_BIT_CONVERSION = YES;
				GCC_WARN_ABOUT_RETURN_TYPE = YES_ERROR;
				GCC_WARN_UNDECLARED_SELECTOR = YES;
				GCC_WARN_UNINITIALIZED_AUTOS = YES_AGGRESSIVE;
				GCC_WARN_UNUSED_FUNCTION = YES;
				GCC_WARN_UNUSED_VARIABLE = YES;
				IPHONEOS_DEPLOYMENT_TARGET = 16.2;
				MTL_ENABLE_DEBUG_INFO = INCLUDE_SOURCE;
				MTL_FAST_MATH = YES;
				ONLY_ACTIVE_ARCH = YES;
				SDKROOT = iphoneos;
				SWIFT_ACTIVE_COMPILATION_CONDITIONS = DEBUG;
				SWIFT_OPTIMIZATION_LEVEL = "-Onone";
			};
			name = Debug;
		};
		A5744348298003F900F03B8E /* Release */ = {
			isa = XCBuildConfiguration;
			buildSettings = {
				ALWAYS_SEARCH_USER_PATHS = NO;
				CLANG_ANALYZER_NONNULL = YES;
				CLANG_ANALYZER_NUMBER_OBJECT_CONVERSION = YES_AGGRESSIVE;
				CLANG_CXX_LANGUAGE_STANDARD = "gnu++20";
				CLANG_ENABLE_MODULES = YES;
				CLANG_ENABLE_OBJC_ARC = YES;
				CLANG_ENABLE_OBJC_WEAK = YES;
				CLANG_WARN_BLOCK_CAPTURE_AUTORELEASING = YES;
				CLANG_WARN_BOOL_CONVERSION = YES;
				CLANG_WARN_COMMA = YES;
				CLANG_WARN_CONSTANT_CONVERSION = YES;
				CLANG_WARN_DEPRECATED_OBJC_IMPLEMENTATIONS = YES;
				CLANG_WARN_DIRECT_OBJC_ISA_USAGE = YES_ERROR;
				CLANG_WARN_DOCUMENTATION_COMMENTS = YES;
				CLANG_WARN_EMPTY_BODY = YES;
				CLANG_WARN_ENUM_CONVERSION = YES;
				CLANG_WARN_INFINITE_RECURSION = YES;
				CLANG_WARN_INT_CONVERSION = YES;
				CLANG_WARN_NON_LITERAL_NULL_CONVERSION = YES;
				CLANG_WARN_OBJC_IMPLICIT_RETAIN_SELF = YES;
				CLANG_WARN_OBJC_LITERAL_CONVERSION = YES;
				CLANG_WARN_OBJC_ROOT_CLASS = YES_ERROR;
				CLANG_WARN_QUOTED_INCLUDE_IN_FRAMEWORK_HEADER = YES;
				CLANG_WARN_RANGE_LOOP_ANALYSIS = YES;
				CLANG_WARN_STRICT_PROTOTYPES = YES;
				CLANG_WARN_SUSPICIOUS_MOVE = YES;
				CLANG_WARN_UNGUARDED_AVAILABILITY = YES_AGGRESSIVE;
				CLANG_WARN_UNREACHABLE_CODE = YES;
				CLANG_WARN__DUPLICATE_METHOD_MATCH = YES;
				COPY_PHASE_STRIP = NO;
				DEBUG_INFORMATION_FORMAT = "dwarf-with-dsym";
				ENABLE_NS_ASSERTIONS = NO;
				ENABLE_STRICT_OBJC_MSGSEND = YES;
				GCC_C_LANGUAGE_STANDARD = gnu11;
				GCC_NO_COMMON_BLOCKS = YES;
				GCC_WARN_64_TO_32_BIT_CONVERSION = YES;
				GCC_WARN_ABOUT_RETURN_TYPE = YES_ERROR;
				GCC_WARN_UNDECLARED_SELECTOR = YES;
				GCC_WARN_UNINITIALIZED_AUTOS = YES_AGGRESSIVE;
				GCC_WARN_UNUSED_FUNCTION = YES;
				GCC_WARN_UNUSED_VARIABLE = YES;
				IPHONEOS_DEPLOYMENT_TARGET = 16.2;
				MTL_ENABLE_DEBUG_INFO = NO;
				MTL_FAST_MATH = YES;
				SDKROOT = iphoneos;
				SWIFT_COMPILATION_MODE = wholemodule;
				SWIFT_OPTIMIZATION_LEVEL = "-O";
				VALIDATE_PRODUCT = YES;
			};
			name = Release;
		};
		A574434A298003F900F03B8E /* Debug */ = {
			isa = XCBuildConfiguration;
			baseConfigurationReference = E4745A4EB8FD8A1F120171DB /* Pods-EggTimer.debug.xcconfig */;
			buildSettings = {
				ASSETCATALOG_COMPILER_APPICON_NAME = AppIcon;
				ASSETCATALOG_COMPILER_GLOBAL_ACCENT_COLOR_NAME = AccentColor;
				CODE_SIGN_STYLE = Automatic;
				CURRENT_PROJECT_VERSION = 1;
				DEVELOPMENT_TEAM = TWQL7PLAUC;
				GENERATE_INFOPLIST_FILE = YES;
				INFOPLIST_FILE = EggTimer/Info.plist;
				INFOPLIST_KEY_UIApplicationSupportsIndirectInputEvents = YES;
				INFOPLIST_KEY_UILaunchStoryboardName = LaunchScreen;
				INFOPLIST_KEY_UIMainStoryboardFile = Main;
				INFOPLIST_KEY_UISupportedInterfaceOrientations = UIInterfaceOrientationPortrait;
				INFOPLIST_KEY_UISupportedInterfaceOrientations_iPad = "UIInterfaceOrientationLandscapeLeft UIInterfaceOrientationLandscapeRight UIInterfaceOrientationPortrait UIInterfaceOrientationPortraitUpsideDown";
				IPHONEOS_DEPLOYMENT_TARGET = 14.0;
				LD_RUNPATH_SEARCH_PATHS = (
					"$(inherited)",
					"@executable_path/Frameworks",
				);
				MARKETING_VERSION = 1.0;
				PRODUCT_BUNDLE_IDENTIFIER = "zvontsov-adadigital.ru.EggTimer";
				PRODUCT_NAME = "$(TARGET_NAME)";
				SUPPORTED_PLATFORMS = "iphoneos iphonesimulator";
				SUPPORTS_MACCATALYST = NO;
				SUPPORTS_MAC_DESIGNED_FOR_IPHONE_IPAD = NO;
				SWIFT_EMIT_LOC_STRINGS = YES;
				SWIFT_VERSION = 5.0;
				TARGETED_DEVICE_FAMILY = 1;
			};
			name = Debug;
		};
		A574434B298003F900F03B8E /* Release */ = {
			isa = XCBuildConfiguration;
			baseConfigurationReference = D07BF4402FF6FD15EF8E611B /* Pods-EggTimer.release.xcconfig */;
			buildSettings = {
				ASSETCATALOG_COMPILER_APPICON_NAME = AppIcon;
				ASSETCATALOG_COMPILER_GLOBAL_ACCENT_COLOR_NAME = AccentColor;
				CODE_SIGN_STYLE = Automatic;
				CURRENT_PROJECT_VERSION = 1;
				DEVELOPMENT_TEAM = TWQL7PLAUC;
				GENERATE_INFOPLIST_FILE = YES;
				INFOPLIST_FILE = EggTimer/Info.plist;
				INFOPLIST_KEY_UIApplicationSupportsIndirectInputEvents = YES;
				INFOPLIST_KEY_UILaunchStoryboardName = LaunchScreen;
				INFOPLIST_KEY_UIMainStoryboardFile = Main;
				INFOPLIST_KEY_UISupportedInterfaceOrientations = UIInterfaceOrientationPortrait;
				INFOPLIST_KEY_UISupportedInterfaceOrientations_iPad = "UIInterfaceOrientationLandscapeLeft UIInterfaceOrientationLandscapeRight UIInterfaceOrientationPortrait UIInterfaceOrientationPortraitUpsideDown";
				IPHONEOS_DEPLOYMENT_TARGET = 14.0;
				LD_RUNPATH_SEARCH_PATHS = (
					"$(inherited)",
					"@executable_path/Frameworks",
				);
				MARKETING_VERSION = 1.0;
				PRODUCT_BUNDLE_IDENTIFIER = "zvontsov-adadigital.ru.EggTimer";
				PRODUCT_NAME = "$(TARGET_NAME)";
				SUPPORTED_PLATFORMS = "iphoneos iphonesimulator";
				SUPPORTS_MACCATALYST = NO;
				SUPPORTS_MAC_DESIGNED_FOR_IPHONE_IPAD = NO;
				SWIFT_EMIT_LOC_STRINGS = YES;
				SWIFT_VERSION = 5.0;
				TARGETED_DEVICE_FAMILY = 1;
			};
			name = Release;
		};
		A574434D298003F900F03B8E /* Debug */ = {
			isa = XCBuildConfiguration;
			baseConfigurationReference = 4ABB0F06EE43B4412FD9BB15 /* Pods-EggTimerTests.debug.xcconfig */;
			buildSettings = {
				ALWAYS_EMBED_SWIFT_STANDARD_LIBRARIES = YES;
				BUNDLE_LOADER = "$(TEST_HOST)";
				CODE_SIGN_STYLE = Automatic;
				CURRENT_PROJECT_VERSION = 1;
				DEVELOPMENT_TEAM = TWQL7PLAUC;
				GENERATE_INFOPLIST_FILE = YES;
				IPHONEOS_DEPLOYMENT_TARGET = 16.2;
				MARKETING_VERSION = 1.0;
				PRODUCT_BUNDLE_IDENTIFIER = "zvontsov-adadigital.ru.EggTimerTests";
				PRODUCT_NAME = "$(TARGET_NAME)";
				SWIFT_EMIT_LOC_STRINGS = NO;
				SWIFT_VERSION = 5.0;
				TARGETED_DEVICE_FAMILY = "1,2";
				TEST_HOST = "$(BUILT_PRODUCTS_DIR)/EggTimer.app/$(BUNDLE_EXECUTABLE_FOLDER_PATH)/EggTimer";
			};
			name = Debug;
		};
		A574434E298003F900F03B8E /* Release */ = {
			isa = XCBuildConfiguration;
			baseConfigurationReference = 8E5B10EC87C1D6B522083953 /* Pods-EggTimerTests.release.xcconfig */;
			buildSettings = {
				ALWAYS_EMBED_SWIFT_STANDARD_LIBRARIES = YES;
				BUNDLE_LOADER = "$(TEST_HOST)";
				CODE_SIGN_STYLE = Automatic;
				CURRENT_PROJECT_VERSION = 1;
				DEVELOPMENT_TEAM = TWQL7PLAUC;
				GENERATE_INFOPLIST_FILE = YES;
				IPHONEOS_DEPLOYMENT_TARGET = 16.2;
				MARKETING_VERSION = 1.0;
				PRODUCT_BUNDLE_IDENTIFIER = "zvontsov-adadigital.ru.EggTimerTests";
				PRODUCT_NAME = "$(TARGET_NAME)";
				SWIFT_EMIT_LOC_STRINGS = NO;
				SWIFT_VERSION = 5.0;
				TARGETED_DEVICE_FAMILY = "1,2";
				TEST_HOST = "$(BUILT_PRODUCTS_DIR)/EggTimer.app/$(BUNDLE_EXECUTABLE_FOLDER_PATH)/EggTimer";
			};
			name = Release;
		};
		A5744350298003F900F03B8E /* Debug */ = {
			isa = XCBuildConfiguration;
			baseConfigurationReference = 29DF7D2FF5E28D9CE4A34E2D /* Pods-EggTimer-EggTimerUITests.debug.xcconfig */;
			buildSettings = {
				ALWAYS_EMBED_SWIFT_STANDARD_LIBRARIES = YES;
				CODE_SIGN_STYLE = Automatic;
				CURRENT_PROJECT_VERSION = 1;
				DEVELOPMENT_TEAM = TWQL7PLAUC;
				GENERATE_INFOPLIST_FILE = YES;
				MARKETING_VERSION = 1.0;
				PRODUCT_BUNDLE_IDENTIFIER = "zvontsov-adadigital.ru.EggTimerUITests";
				PRODUCT_NAME = "$(TARGET_NAME)";
				SWIFT_EMIT_LOC_STRINGS = NO;
				SWIFT_VERSION = 5.0;
				TARGETED_DEVICE_FAMILY = "1,2";
				TEST_TARGET_NAME = EggTimer;
			};
			name = Debug;
		};
		A5744351298003F900F03B8E /* Release */ = {
			isa = XCBuildConfiguration;
			baseConfigurationReference = 0AB7E49B8F320143C96045C4 /* Pods-EggTimer-EggTimerUITests.release.xcconfig */;
			buildSettings = {
				ALWAYS_EMBED_SWIFT_STANDARD_LIBRARIES = YES;
				CODE_SIGN_STYLE = Automatic;
				CURRENT_PROJECT_VERSION = 1;
				DEVELOPMENT_TEAM = TWQL7PLAUC;
				GENERATE_INFOPLIST_FILE = YES;
				MARKETING_VERSION = 1.0;
				PRODUCT_BUNDLE_IDENTIFIER = "zvontsov-adadigital.ru.EggTimerUITests";
				PRODUCT_NAME = "$(TARGET_NAME)";
				SWIFT_EMIT_LOC_STRINGS = NO;
				SWIFT_VERSION = 5.0;
				TARGETED_DEVICE_FAMILY = "1,2";
				TEST_TARGET_NAME = EggTimer;
			};
			name = Release;
		};
/* End XCBuildConfiguration section */

/* Begin XCConfigurationList section */
		A574431A298003F700F03B8E /* Build configuration list for PBXProject "EggTimer" */ = {
			isa = XCConfigurationList;
			buildConfigurations = (
				A5744347298003F900F03B8E /* Debug */,
				A5744348298003F900F03B8E /* Release */,
			);
			defaultConfigurationIsVisible = 0;
			defaultConfigurationName = Release;
		};
		A5744349298003F900F03B8E /* Build configuration list for PBXNativeTarget "EggTimer" */ = {
			isa = XCConfigurationList;
			buildConfigurations = (
				A574434A298003F900F03B8E /* Debug */,
				A574434B298003F900F03B8E /* Release */,
			);
			defaultConfigurationIsVisible = 0;
			defaultConfigurationName = Release;
		};
		A574434C298003F900F03B8E /* Build configuration list for PBXNativeTarget "EggTimerTests" */ = {
			isa = XCConfigurationList;
			buildConfigurations = (
				A574434D298003F900F03B8E /* Debug */,
				A574434E298003F900F03B8E /* Release */,
			);
			defaultConfigurationIsVisible = 0;
			defaultConfigurationName = Release;
		};
		A574434F298003F900F03B8E /* Build configuration list for PBXNativeTarget "EggTimerUITests" */ = {
			isa = XCConfigurationList;
			buildConfigurations = (
				A5744350298003F900F03B8E /* Debug */,
				A5744351298003F900F03B8E /* Release */,
			);
			defaultConfigurationIsVisible = 0;
			defaultConfigurationName = Release;
		};
/* End XCConfigurationList section */
	};
	rootObject = A5744317298003F700F03B8E /* Project object */;
}
